
Microsoft Visual Studio Solution File, Format Version 12.00
# Visual Studio Version 16
VisualStudioVersion = 16.0.34031.81
MinimumVisualStudioVersion = 10.0.40219.1
Project("{8BC9CEB8-8B4A-11D0-8D11-00A0C91BC942}") = "输出浮点数的符号、整数部分和小数部分", "输出浮点数的符号、整数部分和小数部分.vcxproj", "{EC826BB0-675F-4A7D-9EA1-F335F18EE578}"
EndProject
Global
	GlobalSection(SolutionConfigurationPlatforms) = preSolution
		Debug|x64 = Debug|x64
		Debug|x86 = Debug|x86
		Release|x64 = Release|x64
		Release|x86 = Release|x86
	EndGlobalSection
	GlobalSection(ProjectConfigurationPlatforms) = postSolution
		{EC826BB0-675F-4A7D-9EA1-F335F18EE578}.Debug|x64.ActiveCfg = Debug|x64
		{EC826BB0-675F-4A7D-9EA1-F335F18EE578}.Debug|x64.Build.0 = Debug|x64
		{EC826BB0-675F-4A7D-9EA1-F335F18EE578}.Debug|x86.ActiveCfg = Debug|Win32
		{EC826BB0-675F-4A7D-9EA1-F335F18EE578}.Debug|x86.Build.0 = Debug|Win32
		{EC826BB0-675F-4A7D-9EA1-F335F18EE578}.Release|x64.ActiveCfg = Release|x64
		{EC826BB0-675F-4A7D-9EA1-F335F18EE578}.Release|x64.Build.0 = Release|x64
		{EC826BB0-675F-4A7D-9EA1-F335F18EE578}.Release|x86.ActiveCfg = Release|Win32
		{EC826BB0-675F-4A7D-9EA1-F335F18EE578}.Release|x86.Build.0 = Release|Win32
	EndGlobalSection
	GlobalSection(SolutionProperties) = preSolution
		HideSolutionNode = FALSE
	EndGlobalSection
	GlobalSection(ExtensibilityGlobals) = postSolution
		SolutionGuid = {EFB4C793-BF55-4490-B176-727E48C8DBC9}
	EndGlobalSection
EndGlobal
