
Microsoft Visual Studio Solution File, Format Version 12.00
# Visual Studio Version 16
VisualStudioVersion = 16.0.34031.81
MinimumVisualStudioVersion = 10.0.40219.1
Project("{8BC9CEB8-8B4A-11D0-8D11-00A0C91BC942}") = "统计得票数", "统计得票数.vcxproj", "{7163BB9C-0388-4360-BCFE-7324B821096B}"
EndProject
Global
	GlobalSection(SolutionConfigurationPlatforms) = preSolution
		Debug|x64 = Debug|x64
		Debug|x86 = Debug|x86
		Release|x64 = Release|x64
		Release|x86 = Release|x86
	EndGlobalSection
	GlobalSection(ProjectConfigurationPlatforms) = postSolution
		{7163BB9C-0388-4360-BCFE-7324B821096B}.Debug|x64.ActiveCfg = Debug|x64
		{7163BB9C-0388-4360-BCFE-7324B821096B}.Debug|x64.Build.0 = Debug|x64
		{7163BB9C-0388-4360-BCFE-7324B821096B}.Debug|x86.ActiveCfg = Debug|Win32
		{7163BB9C-0388-4360-BCFE-7324B821096B}.Debug|x86.Build.0 = Debug|Win32
		{7163BB9C-0388-4360-BCFE-7324B821096B}.Release|x64.ActiveCfg = Release|x64
		{7163BB9C-0388-4360-BCFE-7324B821096B}.Release|x64.Build.0 = Release|x64
		{7163BB9C-0388-4360-BCFE-7324B821096B}.Release|x86.ActiveCfg = Release|Win32
		{7163BB9C-0388-4360-BCFE-7324B821096B}.Release|x86.Build.0 = Release|Win32
	EndGlobalSection
	GlobalSection(SolutionProperties) = preSolution
		HideSolutionNode = FALSE
	EndGlobalSection
	GlobalSection(ExtensibilityGlobals) = postSolution
		SolutionGuid = {3F14B0DE-7862-4AC8-A43A-E6CA852ABE57}
	EndGlobalSection
EndGlobal
