
Microsoft Visual Studio Solution File, Format Version 12.00
# Visual Studio Version 16
VisualStudioVersion = 16.0.34031.81
MinimumVisualStudioVersion = 10.0.40219.1
Project("{8BC9CEB8-8B4A-11D0-8D11-00A0C91BC942}") = "折半法查找", "折半法查找.vcxproj", "{483DD2A8-8069-45D0-B9FD-23A6EBDE3A05}"
EndProject
Global
	GlobalSection(SolutionConfigurationPlatforms) = preSolution
		Debug|x64 = Debug|x64
		Debug|x86 = Debug|x86
		Release|x64 = Release|x64
		Release|x86 = Release|x86
	EndGlobalSection
	GlobalSection(ProjectConfigurationPlatforms) = postSolution
		{483DD2A8-8069-45D0-B9FD-23A6EBDE3A05}.Debug|x64.ActiveCfg = Debug|x64
		{483DD2A8-8069-45D0-B9FD-23A6EBDE3A05}.Debug|x64.Build.0 = Debug|x64
		{483DD2A8-8069-45D0-B9FD-23A6EBDE3A05}.Debug|x86.ActiveCfg = Debug|Win32
		{483DD2A8-8069-45D0-B9FD-23A6EBDE3A05}.Debug|x86.Build.0 = Debug|Win32
		{483DD2A8-8069-45D0-B9FD-23A6EBDE3A05}.Release|x64.ActiveCfg = Release|x64
		{483DD2A8-8069-45D0-B9FD-23A6EBDE3A05}.Release|x64.Build.0 = Release|x64
		{483DD2A8-8069-45D0-B9FD-23A6EBDE3A05}.Release|x86.ActiveCfg = Release|Win32
		{483DD2A8-8069-45D0-B9FD-23A6EBDE3A05}.Release|x86.Build.0 = Release|Win32
	EndGlobalSection
	GlobalSection(SolutionProperties) = preSolution
		HideSolutionNode = FALSE
	EndGlobalSection
	GlobalSection(ExtensibilityGlobals) = postSolution
		SolutionGuid = {68B6BD5A-C457-4D16-AE0F-447C82987BF4}
	EndGlobalSection
EndGlobal
