
Microsoft Visual Studio Solution File, Format Version 12.00
# Visual Studio Version 16
VisualStudioVersion = 16.0.34031.81
MinimumVisualStudioVersion = 10.0.40219.1
Project("{8BC9CEB8-8B4A-11D0-8D11-00A0C91BC942}") = "求应发奖金总数", "求应发奖金总数.vcxproj", "{07E1C3CB-8B11-4824-86BF-D96F6278A102}"
EndProject
Global
	GlobalSection(SolutionConfigurationPlatforms) = preSolution
		Debug|x64 = Debug|x64
		Debug|x86 = Debug|x86
		Release|x64 = Release|x64
		Release|x86 = Release|x86
	EndGlobalSection
	GlobalSection(ProjectConfigurationPlatforms) = postSolution
		{07E1C3CB-8B11-4824-86BF-D96F6278A102}.Debug|x64.ActiveCfg = Debug|x64
		{07E1C3CB-8B11-4824-86BF-D96F6278A102}.Debug|x64.Build.0 = Debug|x64
		{07E1C3CB-8B11-4824-86BF-D96F6278A102}.Debug|x86.ActiveCfg = Debug|Win32
		{07E1C3CB-8B11-4824-86BF-D96F6278A102}.Debug|x86.Build.0 = Debug|Win32
		{07E1C3CB-8B11-4824-86BF-D96F6278A102}.Release|x64.ActiveCfg = Release|x64
		{07E1C3CB-8B11-4824-86BF-D96F6278A102}.Release|x64.Build.0 = Release|x64
		{07E1C3CB-8B11-4824-86BF-D96F6278A102}.Release|x86.ActiveCfg = Release|Win32
		{07E1C3CB-8B11-4824-86BF-D96F6278A102}.Release|x86.Build.0 = Release|Win32
	EndGlobalSection
	GlobalSection(SolutionProperties) = preSolution
		HideSolutionNode = FALSE
	EndGlobalSection
	GlobalSection(ExtensibilityGlobals) = postSolution
		SolutionGuid = {03549BA2-6F99-4A60-8875-C17E84995E9E}
	EndGlobalSection
EndGlobal
