
Microsoft Visual Studio Solution File, Format Version 12.00
# Visual Studio Version 16
VisualStudioVersion = 16.0.34031.81
MinimumVisualStudioVersion = 10.0.40219.1
Project("{8BC9CEB8-8B4A-11D0-8D11-00A0C91BC942}") = "阶乘求和", "阶乘求和.vcxproj", "{A5490586-1788-4F21-BCF1-83D205A7D8A3}"
EndProject
Global
	GlobalSection(SolutionConfigurationPlatforms) = preSolution
		Debug|x64 = Debug|x64
		Debug|x86 = Debug|x86
		Release|x64 = Release|x64
		Release|x86 = Release|x86
	EndGlobalSection
	GlobalSection(ProjectConfigurationPlatforms) = postSolution
		{A5490586-1788-4F21-BCF1-83D205A7D8A3}.Debug|x64.ActiveCfg = Debug|x64
		{A5490586-1788-4F21-BCF1-83D205A7D8A3}.Debug|x64.Build.0 = Debug|x64
		{A5490586-1788-4F21-BCF1-83D205A7D8A3}.Debug|x86.ActiveCfg = Debug|Win32
		{A5490586-1788-4F21-BCF1-83D205A7D8A3}.Debug|x86.Build.0 = Debug|Win32
		{A5490586-1788-4F21-BCF1-83D205A7D8A3}.Release|x64.ActiveCfg = Release|x64
		{A5490586-1788-4F21-BCF1-83D205A7D8A3}.Release|x64.Build.0 = Release|x64
		{A5490586-1788-4F21-BCF1-83D205A7D8A3}.Release|x86.ActiveCfg = Release|Win32
		{A5490586-1788-4F21-BCF1-83D205A7D8A3}.Release|x86.Build.0 = Release|Win32
	EndGlobalSection
	GlobalSection(SolutionProperties) = preSolution
		HideSolutionNode = FALSE
	EndGlobalSection
	GlobalSection(ExtensibilityGlobals) = postSolution
		SolutionGuid = {30960523-E7B1-43B1-B4D8-68DBDF6FB328}
	EndGlobalSection
EndGlobal
