
Microsoft Visual Studio Solution File, Format Version 12.00
# Visual Studio Version 16
VisualStudioVersion = 16.0.34031.81
MinimumVisualStudioVersion = 10.0.40219.1
Project("{8BC9CEB8-8B4A-11D0-8D11-00A0C91BC942}") = "查找并替换字符串", "查找并替换字符串.vcxproj", "{6DEB39ED-18E6-467B-9957-62FBF1EBB7A5}"
EndProject
Global
	GlobalSection(SolutionConfigurationPlatforms) = preSolution
		Debug|x64 = Debug|x64
		Debug|x86 = Debug|x86
		Release|x64 = Release|x64
		Release|x86 = Release|x86
	EndGlobalSection
	GlobalSection(ProjectConfigurationPlatforms) = postSolution
		{6DEB39ED-18E6-467B-9957-62FBF1EBB7A5}.Debug|x64.ActiveCfg = Debug|x64
		{6DEB39ED-18E6-467B-9957-62FBF1EBB7A5}.Debug|x64.Build.0 = Debug|x64
		{6DEB39ED-18E6-467B-9957-62FBF1EBB7A5}.Debug|x86.ActiveCfg = Debug|Win32
		{6DEB39ED-18E6-467B-9957-62FBF1EBB7A5}.Debug|x86.Build.0 = Debug|Win32
		{6DEB39ED-18E6-467B-9957-62FBF1EBB7A5}.Release|x64.ActiveCfg = Release|x64
		{6DEB39ED-18E6-467B-9957-62FBF1EBB7A5}.Release|x64.Build.0 = Release|x64
		{6DEB39ED-18E6-467B-9957-62FBF1EBB7A5}.Release|x86.ActiveCfg = Release|Win32
		{6DEB39ED-18E6-467B-9957-62FBF1EBB7A5}.Release|x86.Build.0 = Release|Win32
	EndGlobalSection
	GlobalSection(SolutionProperties) = preSolution
		HideSolutionNode = FALSE
	EndGlobalSection
	GlobalSection(ExtensibilityGlobals) = postSolution
		SolutionGuid = {F1414B72-C329-4881-8A4D-346D16F406BC}
	EndGlobalSection
EndGlobal
