
Microsoft Visual Studio Solution File, Format Version 12.00
# Visual Studio Version 16
VisualStudioVersion = 16.0.34031.81
MinimumVisualStudioVersion = 10.0.40219.1
Project("{8BC9CEB8-8B4A-11D0-8D11-00A0C91BC942}") = "数组中的最⼤值所在的元素下标", "数组中的最⼤值所在的元素下标.vcxproj", "{B845D564-0D11-4852-B73B-8D633FB35F0B}"
EndProject
Global
	GlobalSection(SolutionConfigurationPlatforms) = preSolution
		Debug|x64 = Debug|x64
		Debug|x86 = Debug|x86
		Release|x64 = Release|x64
		Release|x86 = Release|x86
	EndGlobalSection
	GlobalSection(ProjectConfigurationPlatforms) = postSolution
		{B845D564-0D11-4852-B73B-8D633FB35F0B}.Debug|x64.ActiveCfg = Debug|x64
		{B845D564-0D11-4852-B73B-8D633FB35F0B}.Debug|x64.Build.0 = Debug|x64
		{B845D564-0D11-4852-B73B-8D633FB35F0B}.Debug|x86.ActiveCfg = Debug|Win32
		{B845D564-0D11-4852-B73B-8D633FB35F0B}.Debug|x86.Build.0 = Debug|Win32
		{B845D564-0D11-4852-B73B-8D633FB35F0B}.Release|x64.ActiveCfg = Release|x64
		{B845D564-0D11-4852-B73B-8D633FB35F0B}.Release|x64.Build.0 = Release|x64
		{B845D564-0D11-4852-B73B-8D633FB35F0B}.Release|x86.ActiveCfg = Release|Win32
		{B845D564-0D11-4852-B73B-8D633FB35F0B}.Release|x86.Build.0 = Release|Win32
	EndGlobalSection
	GlobalSection(SolutionProperties) = preSolution
		HideSolutionNode = FALSE
	EndGlobalSection
	GlobalSection(ExtensibilityGlobals) = postSolution
		SolutionGuid = {7BFE27F8-3B02-41B4-B7E9-2C50C89B8183}
	EndGlobalSection
EndGlobal
