
Microsoft Visual Studio Solution File, Format Version 12.00
# Visual Studio Version 16
VisualStudioVersion = 16.0.34031.81
MinimumVisualStudioVersion = 10.0.40219.1
Project("{8BC9CEB8-8B4A-11D0-8D11-00A0C91BC942}") = "求给定日期是该年的第几天", "求给定日期是该年的第几天.vcxproj", "{84A026CC-A25C-4D28-A48A-5E9E99234349}"
EndProject
Global
	GlobalSection(SolutionConfigurationPlatforms) = preSolution
		Debug|x64 = Debug|x64
		Debug|x86 = Debug|x86
		Release|x64 = Release|x64
		Release|x86 = Release|x86
	EndGlobalSection
	GlobalSection(ProjectConfigurationPlatforms) = postSolution
		{84A026CC-A25C-4D28-A48A-5E9E99234349}.Debug|x64.ActiveCfg = Debug|x64
		{84A026CC-A25C-4D28-A48A-5E9E99234349}.Debug|x64.Build.0 = Debug|x64
		{84A026CC-A25C-4D28-A48A-5E9E99234349}.Debug|x86.ActiveCfg = Debug|Win32
		{84A026CC-A25C-4D28-A48A-5E9E99234349}.Debug|x86.Build.0 = Debug|Win32
		{84A026CC-A25C-4D28-A48A-5E9E99234349}.Release|x64.ActiveCfg = Release|x64
		{84A026CC-A25C-4D28-A48A-5E9E99234349}.Release|x64.Build.0 = Release|x64
		{84A026CC-A25C-4D28-A48A-5E9E99234349}.Release|x86.ActiveCfg = Release|Win32
		{84A026CC-A25C-4D28-A48A-5E9E99234349}.Release|x86.Build.0 = Release|Win32
	EndGlobalSection
	GlobalSection(SolutionProperties) = preSolution
		HideSolutionNode = FALSE
	EndGlobalSection
	GlobalSection(ExtensibilityGlobals) = postSolution
		SolutionGuid = {AB13E837-6CF7-49BB-AA1B-4C1584EE6FDD}
	EndGlobalSection
EndGlobal
