
Microsoft Visual Studio Solution File, Format Version 12.00
# Visual Studio Version 16
VisualStudioVersion = 16.0.34031.81
MinimumVisualStudioVersion = 10.0.40219.1
Project("{8BC9CEB8-8B4A-11D0-8D11-00A0C91BC942}") = "孪生素数", "孪生素数.vcxproj", "{3BAC754E-C57A-48EE-B4A2-BAAAFD7DF2A9}"
EndProject
Global
	GlobalSection(SolutionConfigurationPlatforms) = preSolution
		Debug|x64 = Debug|x64
		Debug|x86 = Debug|x86
		Release|x64 = Release|x64
		Release|x86 = Release|x86
	EndGlobalSection
	GlobalSection(ProjectConfigurationPlatforms) = postSolution
		{3BAC754E-C57A-48EE-B4A2-BAAAFD7DF2A9}.Debug|x64.ActiveCfg = Debug|x64
		{3BAC754E-C57A-48EE-B4A2-BAAAFD7DF2A9}.Debug|x64.Build.0 = Debug|x64
		{3BAC754E-C57A-48EE-B4A2-BAAAFD7DF2A9}.Debug|x86.ActiveCfg = Debug|Win32
		{3BAC754E-C57A-48EE-B4A2-BAAAFD7DF2A9}.Debug|x86.Build.0 = Debug|Win32
		{3BAC754E-C57A-48EE-B4A2-BAAAFD7DF2A9}.Release|x64.ActiveCfg = Release|x64
		{3BAC754E-C57A-48EE-B4A2-BAAAFD7DF2A9}.Release|x64.Build.0 = Release|x64
		{3BAC754E-C57A-48EE-B4A2-BAAAFD7DF2A9}.Release|x86.ActiveCfg = Release|Win32
		{3BAC754E-C57A-48EE-B4A2-BAAAFD7DF2A9}.Release|x86.Build.0 = Release|Win32
	EndGlobalSection
	GlobalSection(SolutionProperties) = preSolution
		HideSolutionNode = FALSE
	EndGlobalSection
	GlobalSection(ExtensibilityGlobals) = postSolution
		SolutionGuid = {2ADF4749-2B18-4D05-AC7D-8514822BD678}
	EndGlobalSection
EndGlobal
